
Microsoft Visual Studio Solution File, Format Version 12.00
Project("{FAE04EC0-301F-11D3-BF4B-00C04F79EFBC}") = "ini2", "ini2\ini2.csproj", "{9901E678-B02E-4179-9C76-0F7FC611AD41}"
EndProject
Project("{FAE04EC0-301F-11D3-BF4B-00C04F79EFBC}") = "ini3", "ini3\ini3.csproj", "{C2A78193-484F-4D77-BB95-2FEC6CECE3B8}"
EndProject
Project("{FAE04EC0-301F-11D3-BF4B-00C04F79EFBC}") = "ini4", "ini4\ini4.csproj", "{34E244B1-FF24-4650-8140-A8C3AD7AF0EF}"
EndProject
Project("{FAE04EC0-301F-11D3-BF4B-00C04F79EFBC}") = "ini5", "ini5\ini5.csproj", "{583BF873-E62D-4EB6-AC51-F51238017728}"
EndProject
Project("{FAE04EC0-301F-11D3-BF4B-00C04F79EFBC}") = "ini6", "ini6\ini6.csproj", "{DBEF6C38-D802-4D7D-9942-C210EC7457EE}"
EndProject
Project("{2150E333-8FDC-42A3-9474-1A3956D46DE8}") = "c#village", "c#village", "{30D5645E-29BB-4359-B282-2409430FE8CD}"
EndProject
Project("{2150E333-8FDC-42A3-9474-1A3956D46DE8}") = "Stronghold", "Stronghold", "{1FE8D3D1-299B-46DA-B444-75C9850AB68D}"
EndProject
Project("{FAE04EC0-301F-11D3-BF4B-00C04F79EFBC}") = "dna", "dna\dna.csproj", "{46D0B037-C966-44CD-965D-B9B2510A06EB}"
EndProject
Global
	GlobalSection(SolutionConfigurationPlatforms) = preSolution
		Debug|Any CPU = Debug|Any CPU
		Release|Any CPU = Release|Any CPU
	EndGlobalSection
	GlobalSection(ProjectConfigurationPlatforms) = postSolution
		{9901E678-B02E-4179-9C76-0F7FC611AD41}.Debug|Any CPU.ActiveCfg = Debug|Any CPU
		{9901E678-B02E-4179-9C76-0F7FC611AD41}.Debug|Any CPU.Build.0 = Debug|Any CPU
		{9901E678-B02E-4179-9C76-0F7FC611AD41}.Release|Any CPU.ActiveCfg = Release|Any CPU
		{9901E678-B02E-4179-9C76-0F7FC611AD41}.Release|Any CPU.Build.0 = Release|Any CPU
		{C2A78193-484F-4D77-BB95-2FEC6CECE3B8}.Debug|Any CPU.ActiveCfg = Debug|Any CPU
		{C2A78193-484F-4D77-BB95-2FEC6CECE3B8}.Debug|Any CPU.Build.0 = Debug|Any CPU
		{C2A78193-484F-4D77-BB95-2FEC6CECE3B8}.Release|Any CPU.ActiveCfg = Release|Any CPU
		{C2A78193-484F-4D77-BB95-2FEC6CECE3B8}.Release|Any CPU.Build.0 = Release|Any CPU
		{34E244B1-FF24-4650-8140-A8C3AD7AF0EF}.Debug|Any CPU.ActiveCfg = Debug|Any CPU
		{34E244B1-FF24-4650-8140-A8C3AD7AF0EF}.Debug|Any CPU.Build.0 = Debug|Any CPU
		{34E244B1-FF24-4650-8140-A8C3AD7AF0EF}.Release|Any CPU.ActiveCfg = Release|Any CPU
		{34E244B1-FF24-4650-8140-A8C3AD7AF0EF}.Release|Any CPU.Build.0 = Release|Any CPU
		{583BF873-E62D-4EB6-AC51-F51238017728}.Debug|Any CPU.ActiveCfg = Debug|Any CPU
		{583BF873-E62D-4EB6-AC51-F51238017728}.Debug|Any CPU.Build.0 = Debug|Any CPU
		{583BF873-E62D-4EB6-AC51-F51238017728}.Release|Any CPU.ActiveCfg = Release|Any CPU
		{583BF873-E62D-4EB6-AC51-F51238017728}.Release|Any CPU.Build.0 = Release|Any CPU
		{DBEF6C38-D802-4D7D-9942-C210EC7457EE}.Debug|Any CPU.ActiveCfg = Debug|Any CPU
		{DBEF6C38-D802-4D7D-9942-C210EC7457EE}.Debug|Any CPU.Build.0 = Debug|Any CPU
		{DBEF6C38-D802-4D7D-9942-C210EC7457EE}.Release|Any CPU.ActiveCfg = Release|Any CPU
		{DBEF6C38-D802-4D7D-9942-C210EC7457EE}.Release|Any CPU.Build.0 = Release|Any CPU
		{46D0B037-C966-44CD-965D-B9B2510A06EB}.Debug|Any CPU.ActiveCfg = Debug|Any CPU
		{46D0B037-C966-44CD-965D-B9B2510A06EB}.Debug|Any CPU.Build.0 = Debug|Any CPU
		{46D0B037-C966-44CD-965D-B9B2510A06EB}.Release|Any CPU.ActiveCfg = Release|Any CPU
		{46D0B037-C966-44CD-965D-B9B2510A06EB}.Release|Any CPU.Build.0 = Release|Any CPU
	EndGlobalSection
	GlobalSection(NestedProjects) = preSolution
		{9901E678-B02E-4179-9C76-0F7FC611AD41} = {30D5645E-29BB-4359-B282-2409430FE8CD}
		{C2A78193-484F-4D77-BB95-2FEC6CECE3B8} = {30D5645E-29BB-4359-B282-2409430FE8CD}
		{34E244B1-FF24-4650-8140-A8C3AD7AF0EF} = {30D5645E-29BB-4359-B282-2409430FE8CD}
		{583BF873-E62D-4EB6-AC51-F51238017728} = {30D5645E-29BB-4359-B282-2409430FE8CD}
		{DBEF6C38-D802-4D7D-9942-C210EC7457EE} = {30D5645E-29BB-4359-B282-2409430FE8CD}
		{46D0B037-C966-44CD-965D-B9B2510A06EB} = {1FE8D3D1-299B-46DA-B444-75C9850AB68D}
	EndGlobalSection
EndGlobal
